
Microsoft Visual Studio Solution File, Format Version 11.00
# Visual Studio 2010
Project("{FAE04EC0-301F-11D3-BF4B-00C04F79EFBC}") = "Assembly-CSharp", "Assembly-CSharp.csproj", "{4396E45F-BFF3-2EBA-579A-BE6984E11CFB}"
EndProject
Global
	GlobalSection(SolutionConfigurationPlatforms) = preSolution
		Debug|Any CPU = Debug|Any CPU
		Release|Any CPU = Release|Any CPU
	EndGlobalSection
	GlobalSection(ProjectConfigurationPlatforms) = postSolution
		{4396E45F-BFF3-2EBA-579A-BE6984E11CFB}.Debug|Any CPU.ActiveCfg = Debug|Any CPU
		{4396E45F-BFF3-2EBA-579A-BE6984E11CFB}.Debug|Any CPU.Build.0 = Debug|Any CPU
		{4396E45F-BFF3-2EBA-579A-BE6984E11CFB}.Release|Any CPU.ActiveCfg = Release|Any CPU
		{4396E45F-BFF3-2EBA-579A-BE6984E11CFB}.Release|Any CPU.Build.0 = Release|Any CPU
	EndGlobalSection
	GlobalSection(SolutionProperties) = preSolution
		HideSolutionNode = FALSE
	EndGlobalSection
	GlobalSection(MonoDevelopProperties) = preSolution
		StartupItem = Assembly-CSharp.csproj
	EndGlobalSection
EndGlobal
